<Solution>
  <Configurations>
    <Platform Name="Any CPU" />
    <Platform Name="x64" />
  </Configurations>
  <Folder Name="/SolutionItems/">
    <File Path=".gitignore" />
    <File Path="FNA.Settings.props" />
  </Folder>
  <Project Path="../reference/FNA/FNA.Core.csproj" />
  <Project Path="../reference/FontStashSharp/src/XNA/FontStashSharp.FNA.Core.csproj" />
  <Project Path="FNAStart/FNAStart.csproj">
    <Platform Solution="*|x64" Project="x64" />
  </Project>
</Solution>
